
Microsoft Visual Studio Solution File, Format Version 12.00
# Visual Studio Version 17
VisualStudioVersion = 17.11.35222.181
MinimumVisualStudioVersion = 10.0.40219.1
Project("{8BC9CEB8-8B4A-11D0-8D11-00A0C91BC942}") = "Template", "Template\Template.vcxproj", "{634DE7AC-9267-4C19-AC26-EA92529598A8}"
EndProject
Project("{8BC9CEB8-8B4A-11D0-8D11-00A0C91BC942}") = "Homework1", "Homework1\Homework1.vcxproj", "{001843E1-82F7-4D4A-B393-D37ACFC34D86}"
EndProject
Project("{8BC9CEB8-8B4A-11D0-8D11-00A0C91BC942}") = "AdvancedVboDemo", "AdvancedVboDemo\AdvancedVboDemo.vcxproj", "{735962BC-8FF8-4887-A2C4-FA8664E21267}"
EndProject
Project("{8BC9CEB8-8B4A-11D0-8D11-00A0C91BC942}") = "InstancingDemo", "InstancingDemo\InstancingDemo.vcxproj", "{0D4FBB93-2BE8-466E-85D9-FF7A4D7B5BED}"
EndProject
Project("{8BC9CEB8-8B4A-11D0-8D11-00A0C91BC942}") = "TransformFeedbackDemo", "TransformFeedbackDemo\TransformFeedbackDemo.vcxproj", "{B8D6CA9A-3101-4235-9F87-1D3F37C162F8}"
EndProject
Project("{8BC9CEB8-8B4A-11D0-8D11-00A0C91BC942}") = "FBO Demo", "FBO Demo\FBO Demo.vcxproj", "{B7029E77-4268-4F31-93D9-ABA957068AC1}"
EndProject
Project("{8BC9CEB8-8B4A-11D0-8D11-00A0C91BC942}") = "Raycast Demo", "Raycast Demo\Raycast Demo.vcxproj", "{78BF5213-9059-49A4-95E9-56453B0899BC}"
EndProject
Project("{8BC9CEB8-8B4A-11D0-8D11-00A0C91BC942}") = "ConditionalRenderingDemo", "ConditionalRenderingDemo\ConditionalRenderingDemo.vcxproj", "{0C3D8BAF-BD69-4B18-A9E8-95036E143AED}"
EndProject
Project("{8BC9CEB8-8B4A-11D0-8D11-00A0C91BC942}") = "CookTorrence", "Homework3\Homework3.vcxproj", "{EEEEC8A5-C5A1-40E1-B0F5-11A123C33E71}"
EndProject
Project("{8BC9CEB8-8B4A-11D0-8D11-00A0C91BC942}") = "TessellationQuad", "TessellationQuad\TessellationQuad.vcxproj", "{97454991-2484-432C-BBA8-781CDE7E6CA6}"
EndProject
Project("{8BC9CEB8-8B4A-11D0-8D11-00A0C91BC942}") = "TessellationQuadGrid", "TessellationQuadGrid\TessellationQuadGrid.vcxproj", "{298C6A2D-B969-457E-A285-5232335CE855}"
EndProject
Global
	GlobalSection(SolutionConfigurationPlatforms) = preSolution
		Debug|x64 = Debug|x64
		Debug|x86 = Debug|x86
		Release|x64 = Release|x64
		Release|x86 = Release|x86
	EndGlobalSection
	GlobalSection(ProjectConfigurationPlatforms) = postSolution
		{634DE7AC-9267-4C19-AC26-EA92529598A8}.Debug|x64.ActiveCfg = Debug|x64
		{634DE7AC-9267-4C19-AC26-EA92529598A8}.Debug|x64.Build.0 = Debug|x64
		{634DE7AC-9267-4C19-AC26-EA92529598A8}.Debug|x86.ActiveCfg = Debug|Win32
		{634DE7AC-9267-4C19-AC26-EA92529598A8}.Debug|x86.Build.0 = Debug|Win32
		{634DE7AC-9267-4C19-AC26-EA92529598A8}.Release|x64.ActiveCfg = Release|x64
		{634DE7AC-9267-4C19-AC26-EA92529598A8}.Release|x64.Build.0 = Release|x64
		{634DE7AC-9267-4C19-AC26-EA92529598A8}.Release|x86.ActiveCfg = Release|Win32
		{634DE7AC-9267-4C19-AC26-EA92529598A8}.Release|x86.Build.0 = Release|Win32
		{001843E1-82F7-4D4A-B393-D37ACFC34D86}.Debug|x64.ActiveCfg = Debug|x64
		{001843E1-82F7-4D4A-B393-D37ACFC34D86}.Debug|x64.Build.0 = Debug|x64
		{001843E1-82F7-4D4A-B393-D37ACFC34D86}.Debug|x86.ActiveCfg = Debug|Win32
		{001843E1-82F7-4D4A-B393-D37ACFC34D86}.Debug|x86.Build.0 = Debug|Win32
		{001843E1-82F7-4D4A-B393-D37ACFC34D86}.Release|x64.ActiveCfg = Release|x64
		{001843E1-82F7-4D4A-B393-D37ACFC34D86}.Release|x64.Build.0 = Release|x64
		{001843E1-82F7-4D4A-B393-D37ACFC34D86}.Release|x86.ActiveCfg = Release|Win32
		{001843E1-82F7-4D4A-B393-D37ACFC34D86}.Release|x86.Build.0 = Release|Win32
		{735962BC-8FF8-4887-A2C4-FA8664E21267}.Debug|x64.ActiveCfg = Debug|x64
		{735962BC-8FF8-4887-A2C4-FA8664E21267}.Debug|x64.Build.0 = Debug|x64
		{735962BC-8FF8-4887-A2C4-FA8664E21267}.Debug|x86.ActiveCfg = Debug|Win32
		{735962BC-8FF8-4887-A2C4-FA8664E21267}.Debug|x86.Build.0 = Debug|Win32
		{735962BC-8FF8-4887-A2C4-FA8664E21267}.Release|x64.ActiveCfg = Release|x64
		{735962BC-8FF8-4887-A2C4-FA8664E21267}.Release|x64.Build.0 = Release|x64
		{735962BC-8FF8-4887-A2C4-FA8664E21267}.Release|x86.ActiveCfg = Release|Win32
		{735962BC-8FF8-4887-A2C4-FA8664E21267}.Release|x86.Build.0 = Release|Win32
		{0D4FBB93-2BE8-466E-85D9-FF7A4D7B5BED}.Debug|x64.ActiveCfg = Debug|x64
		{0D4FBB93-2BE8-466E-85D9-FF7A4D7B5BED}.Debug|x64.Build.0 = Debug|x64
		{0D4FBB93-2BE8-466E-85D9-FF7A4D7B5BED}.Debug|x86.ActiveCfg = Debug|Win32
		{0D4FBB93-2BE8-466E-85D9-FF7A4D7B5BED}.Debug|x86.Build.0 = Debug|Win32
		{0D4FBB93-2BE8-466E-85D9-FF7A4D7B5BED}.Release|x64.ActiveCfg = Release|x64
		{0D4FBB93-2BE8-466E-85D9-FF7A4D7B5BED}.Release|x64.Build.0 = Release|x64
		{0D4FBB93-2BE8-466E-85D9-FF7A4D7B5BED}.Release|x86.ActiveCfg = Release|Win32
		{0D4FBB93-2BE8-466E-85D9-FF7A4D7B5BED}.Release|x86.Build.0 = Release|Win32
		{B8D6CA9A-3101-4235-9F87-1D3F37C162F8}.Debug|x64.ActiveCfg = Debug|x64
		{B8D6CA9A-3101-4235-9F87-1D3F37C162F8}.Debug|x64.Build.0 = Debug|x64
		{B8D6CA9A-3101-4235-9F87-1D3F37C162F8}.Debug|x86.ActiveCfg = Debug|Win32
		{B8D6CA9A-3101-4235-9F87-1D3F37C162F8}.Debug|x86.Build.0 = Debug|Win32
		{B8D6CA9A-3101-4235-9F87-1D3F37C162F8}.Release|x64.ActiveCfg = Release|x64
		{B8D6CA9A-3101-4235-9F87-1D3F37C162F8}.Release|x64.Build.0 = Release|x64
		{B8D6CA9A-3101-4235-9F87-1D3F37C162F8}.Release|x86.ActiveCfg = Release|Win32
		{B8D6CA9A-3101-4235-9F87-1D3F37C162F8}.Release|x86.Build.0 = Release|Win32
		{B7029E77-4268-4F31-93D9-ABA957068AC1}.Debug|x64.ActiveCfg = Debug|x64
		{B7029E77-4268-4F31-93D9-ABA957068AC1}.Debug|x64.Build.0 = Debug|x64
		{B7029E77-4268-4F31-93D9-ABA957068AC1}.Debug|x86.ActiveCfg = Debug|Win32
		{B7029E77-4268-4F31-93D9-ABA957068AC1}.Debug|x86.Build.0 = Debug|Win32
		{B7029E77-4268-4F31-93D9-ABA957068AC1}.Release|x64.ActiveCfg = Release|x64
		{B7029E77-4268-4F31-93D9-ABA957068AC1}.Release|x64.Build.0 = Release|x64
		{B7029E77-4268-4F31-93D9-ABA957068AC1}.Release|x86.ActiveCfg = Release|Win32
		{B7029E77-4268-4F31-93D9-ABA957068AC1}.Release|x86.Build.0 = Release|Win32
		{78BF5213-9059-49A4-95E9-56453B0899BC}.Debug|x64.ActiveCfg = Debug|x64
		{78BF5213-9059-49A4-95E9-56453B0899BC}.Debug|x64.Build.0 = Debug|x64
		{78BF5213-9059-49A4-95E9-56453B0899BC}.Debug|x86.ActiveCfg = Debug|Win32
		{78BF5213-9059-49A4-95E9-56453B0899BC}.Debug|x86.Build.0 = Debug|Win32
		{78BF5213-9059-49A4-95E9-56453B0899BC}.Release|x64.ActiveCfg = Release|x64
		{78BF5213-9059-49A4-95E9-56453B0899BC}.Release|x64.Build.0 = Release|x64
		{78BF5213-9059-49A4-95E9-56453B0899BC}.Release|x86.ActiveCfg = Release|Win32
		{78BF5213-9059-49A4-95E9-56453B0899BC}.Release|x86.Build.0 = Release|Win32
		{0C3D8BAF-BD69-4B18-A9E8-95036E143AED}.Debug|x64.ActiveCfg = Debug|x64
		{0C3D8BAF-BD69-4B18-A9E8-95036E143AED}.Debug|x64.Build.0 = Debug|x64
		{0C3D8BAF-BD69-4B18-A9E8-95036E143AED}.Debug|x86.ActiveCfg = Debug|Win32
		{0C3D8BAF-BD69-4B18-A9E8-95036E143AED}.Debug|x86.Build.0 = Debug|Win32
		{0C3D8BAF-BD69-4B18-A9E8-95036E143AED}.Release|x64.ActiveCfg = Release|x64
		{0C3D8BAF-BD69-4B18-A9E8-95036E143AED}.Release|x64.Build.0 = Release|x64
		{0C3D8BAF-BD69-4B18-A9E8-95036E143AED}.Release|x86.ActiveCfg = Release|Win32
		{0C3D8BAF-BD69-4B18-A9E8-95036E143AED}.Release|x86.Build.0 = Release|Win32
		{EEEEC8A5-C5A1-40E1-B0F5-11A123C33E71}.Debug|x64.ActiveCfg = Debug|x64
		{EEEEC8A5-C5A1-40E1-B0F5-11A123C33E71}.Debug|x64.Build.0 = Debug|x64
		{EEEEC8A5-C5A1-40E1-B0F5-11A123C33E71}.Debug|x86.ActiveCfg = Debug|Win32
		{EEEEC8A5-C5A1-40E1-B0F5-11A123C33E71}.Debug|x86.Build.0 = Debug|Win32
		{EEEEC8A5-C5A1-40E1-B0F5-11A123C33E71}.Release|x64.ActiveCfg = Release|x64
		{EEEEC8A5-C5A1-40E1-B0F5-11A123C33E71}.Release|x64.Build.0 = Release|x64
		{EEEEC8A5-C5A1-40E1-B0F5-11A123C33E71}.Release|x86.ActiveCfg = Release|Win32
		{EEEEC8A5-C5A1-40E1-B0F5-11A123C33E71}.Release|x86.Build.0 = Release|Win32
		{97454991-2484-432C-BBA8-781CDE7E6CA6}.Debug|x64.ActiveCfg = Debug|x64
		{97454991-2484-432C-BBA8-781CDE7E6CA6}.Debug|x64.Build.0 = Debug|x64
		{97454991-2484-432C-BBA8-781CDE7E6CA6}.Debug|x86.ActiveCfg = Debug|Win32
		{97454991-2484-432C-BBA8-781CDE7E6CA6}.Debug|x86.Build.0 = Debug|Win32
		{97454991-2484-432C-BBA8-781CDE7E6CA6}.Release|x64.ActiveCfg = Release|x64
		{97454991-2484-432C-BBA8-781CDE7E6CA6}.Release|x64.Build.0 = Release|x64
		{97454991-2484-432C-BBA8-781CDE7E6CA6}.Release|x86.ActiveCfg = Release|Win32
		{97454991-2484-432C-BBA8-781CDE7E6CA6}.Release|x86.Build.0 = Release|Win32
		{298C6A2D-B969-457E-A285-5232335CE855}.Debug|x64.ActiveCfg = Debug|x64
		{298C6A2D-B969-457E-A285-5232335CE855}.Debug|x64.Build.0 = Debug|x64
		{298C6A2D-B969-457E-A285-5232335CE855}.Debug|x86.ActiveCfg = Debug|Win32
		{298C6A2D-B969-457E-A285-5232335CE855}.Debug|x86.Build.0 = Debug|Win32
		{298C6A2D-B969-457E-A285-5232335CE855}.Release|x64.ActiveCfg = Release|x64
		{298C6A2D-B969-457E-A285-5232335CE855}.Release|x64.Build.0 = Release|x64
		{298C6A2D-B969-457E-A285-5232335CE855}.Release|x86.ActiveCfg = Release|Win32
		{298C6A2D-B969-457E-A285-5232335CE855}.Release|x86.Build.0 = Release|Win32
	EndGlobalSection
	GlobalSection(SolutionProperties) = preSolution
		HideSolutionNode = FALSE
	EndGlobalSection
	GlobalSection(ExtensibilityGlobals) = postSolution
		SolutionGuid = {E6713E9C-A610-4ED6-969D-F676CA5E4D5D}
	EndGlobalSection
EndGlobal
