
Microsoft Visual Studio Solution File, Format Version 12.00
# Visual Studio Version 17
VisualStudioVersion = 17.11.35222.181
MinimumVisualStudioVersion = 10.0.40219.1
Project("{8BC9CEB8-8B4A-11D0-8D11-00A0C91BC942}") = "Template", "Template\Template.vcxproj", "{634DE7AC-9267-4C19-AC26-EA92529598A8}"
EndProject
Project("{8BC9CEB8-8B4A-11D0-8D11-00A0C91BC942}") = "Homework1", "Homework1\Homework1.vcxproj", "{001843E1-82F7-4D4A-B393-D37ACFC34D86}"
EndProject
Project("{8BC9CEB8-8B4A-11D0-8D11-00A0C91BC942}") = "AdvancedVboDemo", "AdvancedVboDemo\AdvancedVboDemo.vcxproj", "{735962BC-8FF8-4887-A2C4-FA8664E21267}"
EndProject
Project("{8BC9CEB8-8B4A-11D0-8D11-00A0C91BC942}") = "InstancingDemo", "InstancingDemo\InstancingDemo.vcxproj", "{0D4FBB93-2BE8-466E-85D9-FF7A4D7B5BED}"
EndProject
Project("{8BC9CEB8-8B4A-11D0-8D11-00A0C91BC942}") = "TransformFeedbackDemo", "TransformFeedbackDemo\TransformFeedbackDemo.vcxproj", "{B8D6CA9A-3101-4235-9F87-1D3F37C162F8}"
EndProject
Global
	GlobalSection(SolutionConfigurationPlatforms) = preSolution
		Debug|x64 = Debug|x64
		Debug|x86 = Debug|x86
		Release|x64 = Release|x64
		Release|x86 = Release|x86
	EndGlobalSection
	GlobalSection(ProjectConfigurationPlatforms) = postSolution
		{634DE7AC-9267-4C19-AC26-EA92529598A8}.Debug|x64.ActiveCfg = Debug|x64
		{634DE7AC-9267-4C19-AC26-EA92529598A8}.Debug|x64.Build.0 = Debug|x64
		{634DE7AC-9267-4C19-AC26-EA92529598A8}.Debug|x86.ActiveCfg = Debug|Win32
		{634DE7AC-9267-4C19-AC26-EA92529598A8}.Debug|x86.Build.0 = Debug|Win32
		{634DE7AC-9267-4C19-AC26-EA92529598A8}.Release|x64.ActiveCfg = Release|x64
		{634DE7AC-9267-4C19-AC26-EA92529598A8}.Release|x64.Build.0 = Release|x64
		{634DE7AC-9267-4C19-AC26-EA92529598A8}.Release|x86.ActiveCfg = Release|Win32
		{634DE7AC-9267-4C19-AC26-EA92529598A8}.Release|x86.Build.0 = Release|Win32
		{001843E1-82F7-4D4A-B393-D37ACFC34D86}.Debug|x64.ActiveCfg = Debug|x64
		{001843E1-82F7-4D4A-B393-D37ACFC34D86}.Debug|x64.Build.0 = Debug|x64
		{001843E1-82F7-4D4A-B393-D37ACFC34D86}.Debug|x86.ActiveCfg = Debug|Win32
		{001843E1-82F7-4D4A-B393-D37ACFC34D86}.Debug|x86.Build.0 = Debug|Win32
		{001843E1-82F7-4D4A-B393-D37ACFC34D86}.Release|x64.ActiveCfg = Release|x64
		{001843E1-82F7-4D4A-B393-D37ACFC34D86}.Release|x64.Build.0 = Release|x64
		{001843E1-82F7-4D4A-B393-D37ACFC34D86}.Release|x86.ActiveCfg = Release|Win32
		{001843E1-82F7-4D4A-B393-D37ACFC34D86}.Release|x86.Build.0 = Release|Win32
		{735962BC-8FF8-4887-A2C4-FA8664E21267}.Debug|x64.ActiveCfg = Debug|x64
		{735962BC-8FF8-4887-A2C4-FA8664E21267}.Debug|x64.Build.0 = Debug|x64
		{735962BC-8FF8-4887-A2C4-FA8664E21267}.Debug|x86.ActiveCfg = Debug|Win32
		{735962BC-8FF8-4887-A2C4-FA8664E21267}.Debug|x86.Build.0 = Debug|Win32
		{735962BC-8FF8-4887-A2C4-FA8664E21267}.Release|x64.ActiveCfg = Release|x64
		{735962BC-8FF8-4887-A2C4-FA8664E21267}.Release|x64.Build.0 = Release|x64
		{735962BC-8FF8-4887-A2C4-FA8664E21267}.Release|x86.ActiveCfg = Release|Win32
		{735962BC-8FF8-4887-A2C4-FA8664E21267}.Release|x86.Build.0 = Release|Win32
		{0D4FBB93-2BE8-466E-85D9-FF7A4D7B5BED}.Debug|x64.ActiveCfg = Debug|x64
		{0D4FBB93-2BE8-466E-85D9-FF7A4D7B5BED}.Debug|x64.Build.0 = Debug|x64
		{0D4FBB93-2BE8-466E-85D9-FF7A4D7B5BED}.Debug|x86.ActiveCfg = Debug|Win32
		{0D4FBB93-2BE8-466E-85D9-FF7A4D7B5BED}.Debug|x86.Build.0 = Debug|Win32
		{0D4FBB93-2BE8-466E-85D9-FF7A4D7B5BED}.Release|x64.ActiveCfg = Release|x64
		{0D4FBB93-2BE8-466E-85D9-FF7A4D7B5BED}.Release|x64.Build.0 = Release|x64
		{0D4FBB93-2BE8-466E-85D9-FF7A4D7B5BED}.Release|x86.ActiveCfg = Release|Win32
		{0D4FBB93-2BE8-466E-85D9-FF7A4D7B5BED}.Release|x86.Build.0 = Release|Win32
		{B8D6CA9A-3101-4235-9F87-1D3F37C162F8}.Debug|x64.ActiveCfg = Debug|x64
		{B8D6CA9A-3101-4235-9F87-1D3F37C162F8}.Debug|x64.Build.0 = Debug|x64
		{B8D6CA9A-3101-4235-9F87-1D3F37C162F8}.Debug|x86.ActiveCfg = Debug|Win32
		{B8D6CA9A-3101-4235-9F87-1D3F37C162F8}.Debug|x86.Build.0 = Debug|Win32
		{B8D6CA9A-3101-4235-9F87-1D3F37C162F8}.Release|x64.ActiveCfg = Release|x64
		{B8D6CA9A-3101-4235-9F87-1D3F37C162F8}.Release|x64.Build.0 = Release|x64
		{B8D6CA9A-3101-4235-9F87-1D3F37C162F8}.Release|x86.ActiveCfg = Release|Win32
		{B8D6CA9A-3101-4235-9F87-1D3F37C162F8}.Release|x86.Build.0 = Release|Win32
	EndGlobalSection
	GlobalSection(SolutionProperties) = preSolution
		HideSolutionNode = FALSE
	EndGlobalSection
	GlobalSection(ExtensibilityGlobals) = postSolution
		SolutionGuid = {E6713E9C-A610-4ED6-969D-F676CA5E4D5D}
	EndGlobalSection
EndGlobal
